// !$*UTF8*$!
{
	archiveVersion = 1;
	classes = {
	};
	objectVersion = 48;
	objects = {

/* Begin PBXBuildFile section */
		22C52FC31FCA05FF004C7170 /* AppDelegate.swift in Sources */ = {isa = PBXBuildFile; fileRef = 22C52FC21FCA05FF004C7170 /* AppDelegate.swift */; };
		22C52FC51FCA05FF004C7170 /* ViewController.swift in Sources */ = {isa = PBXBuildFile; fileRef = 22C52FC41FCA05FF004C7170 /* ViewController.swift */; };
		22C52FC81FCA05FF004C7170 /* Main.storyboard in Resources */ = {isa = PBXBuildFile; fileRef = 22C52FC61FCA05FF004C7170 /* Main.storyboard */; };
		22C52FCA1FCA05FF004C7170 /* Assets.xcassets in Resources */ = {isa = PBXBuildFile; fileRef = 22C52FC91FCA05FF004C7170 /* Assets.xcassets */; };
		22C52FCD1FCA05FF004C7170 /* LaunchScreen.storyboard in Resources */ = {isa = PBXBuildFile; fileRef = 22C52FCB1FCA05FF004C7170 /* LaunchScreen.storyboard */; };
		22C52FD51FCA1E09004C7170 /* Scheduler.swift in Sources */ = {isa = PBXBuildFile; fileRef = 22C52FD41FCA1E09004C7170 /* Scheduler.swift */; };
/* End PBXBuildFile section */

/* Begin PBXFileReference section */
		22C1673A1FCB0F0400BC80B4 /* beep.m4a */ = {isa = PBXFileReference; lastKnownFileType = file; path = beep.m4a; sourceTree = "<group>"; };
		22C52FBF1FCA05FE004C7170 /* Whiterose-Remainder.app */ = {isa = PBXFileReference; explicitFileType = wrapper.application; includeInIndex = 0; path = "Whiterose-Remainder.app"; sourceTree = BUILT_PRODUCTS_DIR; };
		22C52FC21FCA05FF004C7170 /* AppDelegate.swift */ = {isa = PBXFileReference; lastKnownFileType = sourcecode.swift; path = AppDelegate.swift; sourceTree = "<group>"; };
		22C52FC41FCA05FF004C7170 /* ViewController.swift */ = {isa = PBXFileReference; lastKnownFileType = sourcecode.swift; path = ViewController.swift; sourceTree = "<group>"; };
		22C52FC71FCA05FF004C7170 /* Base */ = {isa = PBXFileReference; lastKnownFileType = file.storyboard; name = Base; path = Base.lproj/Main.storyboard; sourceTree = "<group>"; };
		22C52FC91FCA05FF004C7170 /* Assets.xcassets */ = {isa = PBXFileReference; lastKnownFileType = folder.assetcatalog; path = Assets.xcassets; sourceTree = "<group>"; };
		22C52FCC1FCA05FF004C7170 /* Base */ = {isa = PBXFileReference; lastKnownFileType = file.storyboard; name = Base; path = Base.lproj/LaunchScreen.storyboard; sourceTree = "<group>"; };
		22C52FCE1FCA05FF004C7170 /* Info.plist */ = {isa = PBXFileReference; lastKnownFileType = text.plist.xml; path = Info.plist; sourceTree = "<group>"; };
		22C52FD41FCA1E09004C7170 /* Scheduler.swift */ = {isa = PBXFileReference; lastKnownFileType = sourcecode.swift; path = Scheduler.swift; sourceTree = "<group>"; };
/* End PBXFileReference section */

/* Begin PBXFrameworksBuildPhase section */
		22C52FBC1FCA05FE004C7170 /* Frameworks */ = {
			isa = PBXFrameworksBuildPhase;
			buildActionMask = 2147483647;
			files = (
			);
			runOnlyForDeploymentPostprocessing = 0;
		};
/* End PBXFrameworksBuildPhase section */

/* Begin PBXGroup section */
		22C167391FCB0EEA00BC80B4 /* Supporting Files */ = {
			isa = PBXGroup;
			children = (
				22C1673A1FCB0F0400BC80B4 /* beep.m4a */,
			);
			path = "Supporting Files";
			sourceTree = "<group>";
		};
		22C52FB61FCA05FE004C7170 = {
			isa = PBXGroup;
			children = (
				22C52FC11FCA05FF004C7170 /* Whiterose-Remainder */,
				22C52FC01FCA05FE004C7170 /* Products */,
			);
			sourceTree = "<group>";
		};
		22C52FC01FCA05FE004C7170 /* Products */ = {
			isa = PBXGroup;
			children = (
				22C52FBF1FCA05FE004C7170 /* Whiterose-Remainder.app */,
			);
			name = Products;
			sourceTree = "<group>";
		};
		22C52FC11FCA05FF004C7170 /* Whiterose-Remainder */ = {
			isa = PBXGroup;
			children = (
				22C167391FCB0EEA00BC80B4 /* Supporting Files */,
				22C52FC21FCA05FF004C7170 /* AppDelegate.swift */,
				22C52FC41FCA05FF004C7170 /* ViewController.swift */,
				22C52FD41FCA1E09004C7170 /* Scheduler.swift */,
				22C52FC61FCA05FF004C7170 /* Main.storyboard */,
				22C52FC91FCA05FF004C7170 /* Assets.xcassets */,
				22C52FCB1FCA05FF004C7170 /* LaunchScreen.storyboard */,
				22C52FCE1FCA05FF004C7170 /* Info.plist */,
			);
			path = "Whiterose-Remainder";
			sourceTree = "<group>";
		};
/* End PBXGroup section */

/* Begin PBXNativeTarget section */
		22C52FBE1FCA05FE004C7170 /* Whiterose-Remainder */ = {
			isa = PBXNativeTarget;
			buildConfigurationList = 22C52FD11FCA05FF004C7170 /* Build configuration list for PBXNativeTarget "Whiterose-Remainder" */;
			buildPhases = (
				22C52FBB1FCA05FE004C7170 /* Sources */,
				22C52FBC1FCA05FE004C7170 /* Frameworks */,
				22C52FBD1FCA05FE004C7170 /* Resources */,
			);
			buildRules = (
			);
			dependencies = (
			);
			name = "Whiterose-Remainder";
			productName = "Whiterose-Remainder";
			productReference = 22C52FBF1FCA05FE004C7170 /* Whiterose-Remainder.app */;
			productType = "com.apple.product-type.application";
		};
/* End PBXNativeTarget section */

/* Begin PBXProject section */
		22C52FB71FCA05FE004C7170 /* Project object */ = {
			isa = PBXProject;
			attributes = {
				LastSwiftUpdateCheck = 0910;
				LastUpgradeCheck = 0910;
				ORGANIZATIONNAME = "Mauricio Lorenzetti";
				TargetAttributes = {
					22C52FBE1FCA05FE004C7170 = {
						CreatedOnToolsVersion = 9.1;
						ProvisioningStyle = Automatic;
					};
				};
			};
			buildConfigurationList = 22C52FBA1FCA05FE004C7170 /* Build configuration list for PBXProject "Whiterose-Remainder" */;
			compatibilityVersion = "Xcode 8.0";
			developmentRegion = en;
			hasScannedForEncodings = 0;
			knownRegions = (
				en,
				Base,
			);
			mainGroup = 22C52FB61FCA05FE004C7170;
			productRefGroup = 22C52FC01FCA05FE004C7170 /* Products */;
			projectDirPath = "";
			projectRoot = "";
			targets = (
				22C52FBE1FCA05FE004C7170 /* Whiterose-Remainder */,
			);
		};
/* End PBXProject section */

/* Begin PBXResourcesBuildPhase section */
		22C52FBD1FCA05FE004C7170 /* Resources */ = {
			isa = PBXResourcesBuildPhase;
			buildActionMask = 2147483647;
			files = (
				22C52FCD1FCA05FF004C7170 /* LaunchScreen.storyboard in Resources */,
				22C52FCA1FCA05FF004C7170 /* Assets.xcassets in Resources */,
				22C52FC81FCA05FF004C7170 /* Main.storyboard in Resources */,
			);
			runOnlyForDeploymentPostprocessing = 0;
		};
/* End PBXResourcesBuildPhase section */

/* Begin PBXSourcesBuildPhase section */
		22C52FBB1FCA05FE004C7170 /* Sources */ = {
			isa = PBXSourcesBuildPhase;
			buildActionMask = 2147483647;
			files = (
				22C52FD51FCA1E09004C7170 /* Scheduler.swift in Sources */,
				22C52FC51FCA05FF004C7170 /* ViewController.swift in Sources */,
				22C52FC31FCA05FF004C7170 /* AppDelegate.swift in Sources */,
			);
			runOnlyForDeploymentPostprocessing = 0;
		};
/* End PBXSourcesBuildPhase section */

/* Begin PBXVariantGroup section */
		22C52FC61FCA05FF004C7170 /* Main.storyboard */ = {
			isa = PBXVariantGroup;
			children = (
				22C52FC71FCA05FF004C7170 /* Base */,
			);
			name = Main.storyboard;
			sourceTree = "<group>";
		};
		22C52FCB1FCA05FF004C7170 /* LaunchScreen.storyboard */ = {
			isa = PBXVariantGroup;
			children = (
				22C52FCC1FCA05FF004C7170 /* Base */,
			);
			name = LaunchScreen.storyboard;
			sourceTree = "<group>";
		};
/* End PBXVariantGroup section */

/* Begin XCBuildConfiguration section */
		22C52FCF1FCA05FF004C7170 /* Debug */ = {
			isa = XCBuildConfiguration;
			buildSettings = {
				ALWAYS_SEARCH_USER_PATHS = NO;
				CLANG_ANALYZER_NONNULL = YES;
				CLANG_ANALYZER_NUMBER_OBJECT_CONVERSION = YES_AGGRESSIVE;
				CLANG_CXX_LANGUAGE_STANDARD = "gnu++14";
				CLANG_CXX_LIBRARY = "libc++";
				CLANG_ENABLE_MODULES = YES;
				CLANG_ENABLE_OBJC_ARC = YES;
				CLANG_WARN_BLOCK_CAPTURE_AUTORELEASING = YES;
				CLANG_WARN_BOOL_CONVERSION = YES;
				CLANG_WARN_COMMA = YES;
				CLANG_WARN_CONSTANT_CONVERSION = YES;
				CLANG_WARN_DIRECT_OBJC_ISA_USAGE = YES_ERROR;
				CLANG_WARN_DOCUMENTATION_COMMENTS = YES;
				CLANG_WARN_EMPTY_BODY = YES;
				CLANG_WARN_ENUM_CONVERSION = YES;
				CLANG_WARN_INFINITE_RECURSION = YES;
				CLANG_WARN_INT_CONVERSION = YES;
				CLANG_WARN_NON_LITERAL_NULL_CONVERSION = YES;
				CLANG_WARN_OBJC_LITERAL_CONVERSION = YES;
				CLANG_WARN_OBJC_ROOT_CLASS = YES_ERROR;
				CLANG_WARN_RANGE_LOOP_ANALYSIS = YES;
				CLANG_WARN_STRICT_PROTOTYPES = YES;
				CLANG_WARN_SUSPICIOUS_MOVE = YES;
				CLANG_WARN_UNGUARDED_AVAILABILITY = YES_AGGRESSIVE;
				CLANG_WARN_UNREACHABLE_CODE = YES;
				CLANG_WARN__DUPLICATE_METHOD_MATCH = YES;
				CODE_SIGN_IDENTITY = "iPhone Developer";
				COPY_PHASE_STRIP = NO;
				DEBUG_INFORMATION_FORMAT = dwarf;
				ENABLE_STRICT_OBJC_MSGSEND = YES;
				ENABLE_TESTABILITY = YES;
				GCC_C_LANGUAGE_STANDARD = gnu11;
				GCC_DYNAMIC_NO_PIC = NO;
				GCC_NO_COMMON_BLOCKS = YES;
				GCC_OPTIMIZATION_LEVEL = 0;
				GCC_PREPROCESSOR_DEFINITIONS = (
					"DEBUG=1",
					"$(inherited)",
				);
				GCC_WARN_64_TO_32_BIT_CONVERSION = YES;
				GCC_WARN_ABOUT_RETURN_TYPE = YES_ERROR;
				GCC_WARN_UNDECLARED_SELECTOR = YES;
				GCC_WARN_UNINITIALIZED_AUTOS = YES_AGGRESSIVE;
				GCC_WARN_UNUSED_FUNCTION = YES;
				GCC_WARN_UNUSED_VARIABLE = YES;
				IPHONEOS_DEPLOYMENT_TARGET = 11.1;
				MTL_ENABLE_DEBUG_INFO = YES;
				ONLY_ACTIVE_ARCH = YES;
				SDKROOT = iphoneos;
				SWIFT_ACTIVE_COMPILATION_CONDITIONS = DEBUG;
				SWIFT_OPTIMIZATION_LEVEL = "-Onone";
			};
			name = Debug;
		};
		22C52FD01FCA05FF004C7170 /* Release */ = {
			isa = XCBuildConfiguration;
			buildSettings = {
				ALWAYS_SEARCH_USER_PATHS = NO;
				CLANG_ANALYZER_NONNULL = YES;
				CLANG_ANALYZER_NUMBER_OBJECT_CONVERSION = YES_AGGRESSIVE;
				CLANG_CXX_LANGUAGE_STANDARD = "gnu++14";
				CLANG_CXX_LIBRARY = "libc++";
				CLANG_ENABLE_MODULES = YES;
				CLANG_ENABLE_OBJC_ARC = YES;
				CLANG_WARN_BLOCK_CAPTURE_AUTORELEASING = YES;
				CLANG_WARN_BOOL_CONVERSION = YES;
				CLANG_WARN_COMMA = YES;
				CLANG_WARN_CONSTANT_CONVERSION = YES;
				CLANG_WARN_DIRECT_OBJC_ISA_USAGE = YES_ERROR;
				CLANG_WARN_DOCUMENTATION_COMMENTS = YES;
				CLANG_WARN_EMPTY_BODY = YES;
				CLANG_WARN_ENUM_CONVERSION = YES;
				CLANG_WARN_INFINITE_RECURSION = YES;
				CLANG_WARN_INT_CONVERSION = YES;
				CLANG_WARN_NON_LITERAL_NULL_CONVERSION = YES;
				CLANG_WARN_OBJC_LITERAL_CONVERSION = YES;
				CLANG_WARN_OBJC_ROOT_CLASS = YES_ERROR;
				CLANG_WARN_RANGE_LOOP_ANALYSIS = YES;
				CLANG_WARN_STRICT_PROTOTYPES = YES;
				CLANG_WARN_SUSPICIOUS_MOVE = YES;
				CLANG_WARN_UNGUARDED_AVAILABILITY = YES_AGGRESSIVE;
				CLANG_WARN_UNREACHABLE_CODE = YES;
				CLANG_WARN__DUPLICATE_METHOD_MATCH = YES;
				CODE_SIGN_IDENTITY = "iPhone Developer";
				COPY_PHASE_STRIP = NO;
				DEBUG_INFORMATION_FORMAT = "dwarf-with-dsym";
				ENABLE_NS_ASSERTIONS = NO;
				ENABLE_STRICT_OBJC_MSGSEND = YES;
				GCC_C_LANGUAGE_STANDARD = gnu11;
				GCC_NO_COMMON_BLOCKS = YES;
				GCC_WARN_64_TO_32_BIT_CONVERSION = YES;
				GCC_WARN_ABOUT_RETURN_TYPE = YES_ERROR;
				GCC_WARN_UNDECLARED_SELECTOR = YES;
				GCC_WARN_UNINITIALIZED_AUTOS = YES_AGGRESSIVE;
				GCC_WARN_UNUSED_FUNCTION = YES;
				GCC_WARN_UNUSED_VARIABLE = YES;
				IPHONEOS_DEPLOYMENT_TARGET = 11.1;
				MTL_ENABLE_DEBUG_INFO = NO;
				SDKROOT = iphoneos;
				SWIFT_OPTIMIZATION_LEVEL = "-Owholemodule";
				VALIDATE_PRODUCT = YES;
			};
			name = Release;
		};
		22C52FD21FCA05FF004C7170 /* Debug */ = {
			isa = XCBuildConfiguration;
			buildSettings = {
				ASSETCATALOG_COMPILER_APPICON_NAME = AppIcon;
				CODE_SIGN_STYLE = Automatic;
				DEVELOPMENT_TEAM = D7J47JG8UC;
				INFOPLIST_FILE = "Whiterose-Remainder/Info.plist";
				LD_RUNPATH_SEARCH_PATHS = "$(inherited) @executable_path/Frameworks";
				PRODUCT_BUNDLE_IDENTIFIER = "com.mauricio.Whiterose-Remainder";
				PRODUCT_NAME = "$(TARGET_NAME)";
				SWIFT_VERSION = 4.0;
				TARGETED_DEVICE_FAMILY = "1,2";
			};
			name = Debug;
		};
		22C52FD31FCA05FF004C7170 /* Release */ = {
			isa = XCBuildConfiguration;
			buildSettings = {
				ASSETCATALOG_COMPILER_APPICON_NAME = AppIcon;
				CODE_SIGN_STYLE = Automatic;
				DEVELOPMENT_TEAM = D7J47JG8UC;
				INFOPLIST_FILE = "Whiterose-Remainder/Info.plist";
				LD_RUNPATH_SEARCH_PATHS = "$(inherited) @executable_path/Frameworks";
				PRODUCT_BUNDLE_IDENTIFIER = "com.mauricio.Whiterose-Remainder";
				PRODUCT_NAME = "$(TARGET_NAME)";
				SWIFT_VERSION = 4.0;
				TARGETED_DEVICE_FAMILY = "1,2";
			};
			name = Release;
		};
/* End XCBuildConfiguration section */

/* Begin XCConfigurationList section */
		22C52FBA1FCA05FE004C7170 /* Build configuration list for PBXProject "Whiterose-Remainder" */ = {
			isa = XCConfigurationList;
			buildConfigurations = (
				22C52FCF1FCA05FF004C7170 /* Debug */,
				22C52FD01FCA05FF004C7170 /* Release */,
			);
			defaultConfigurationIsVisible = 0;
			defaultConfigurationName = Release;
		};
		22C52FD11FCA05FF004C7170 /* Build configuration list for PBXNativeTarget "Whiterose-Remainder" */ = {
			isa = XCConfigurationList;
			buildConfigurations = (
				22C52FD21FCA05FF004C7170 /* Debug */,
				22C52FD31FCA05FF004C7170 /* Release */,
			);
			defaultConfigurationIsVisible = 0;
			defaultConfigurationName = Release;
		};
/* End XCConfigurationList section */
	};
	rootObject = 22C52FB71FCA05FE004C7170 /* Project object */;
}
